
Microsoft Visual Studio Solution File, Format Version 12.00
# Visual Studio Version 16
VisualStudioVersion = 16.0.29728.190
MinimumVisualStudioVersion = 10.0.40219.1
Project("{FAE04EC0-301F-11D3-BF4B-00C04F79EFBC}") = "Walking Simulator", "Walking Simulator\Walking Simulator.csproj", "{64B4A693-5A25-4B39-A3A9-9D645311F089}"
EndProject
Global
	GlobalSection(SolutionConfigurationPlatforms) = preSolution
		Debug|x86 = Debug|x86
		Release|x86 = Release|x86
	EndGlobalSection
	GlobalSection(ProjectConfigurationPlatforms) = postSolution
		{64B4A693-5A25-4B39-A3A9-9D645311F089}.Debug|x86.ActiveCfg = Debug|x86
		{64B4A693-5A25-4B39-A3A9-9D645311F089}.Debug|x86.Build.0 = Debug|x86
		{64B4A693-5A25-4B39-A3A9-9D645311F089}.Release|x86.ActiveCfg = Release|x86
		{64B4A693-5A25-4B39-A3A9-9D645311F089}.Release|x86.Build.0 = Release|x86
	EndGlobalSection
	GlobalSection(SolutionProperties) = preSolution
		HideSolutionNode = FALSE
	EndGlobalSection
	GlobalSection(ExtensibilityGlobals) = postSolution
		SolutionGuid = {54507E29-1A22-4113-AB3F-E8127A2D3890}
	EndGlobalSection
EndGlobal
